
Microsoft Visual Studio Solution File, Format Version 12.00
# Visual Studio Version 16
VisualStudioVersion = 16.0.29920.165
MinimumVisualStudioVersion = 10.0.40219.1
Project("{9A19103F-16F7-4668-BE54-9A1E7A4F7556}") = "BigPlayerDebuffs", "BigPlayerDebuffs.csproj", "{CB4E23D7-2035-45F4-B1BD-1C9A205E830E}"
EndProject
Global
	GlobalSection(SolutionConfigurationPlatforms) = preSolution
		Debug|Any CPU = Debug|Any CPU
		Debug|x64 = Debug|x64
		Release|Any CPU = Release|Any CPU
		Release|x64 = Release|x64
	EndGlobalSection
	GlobalSection(ProjectConfigurationPlatforms) = postSolution
		{CB4E23D7-2035-45F4-B1BD-1C9A205E830E}.Debug|Any CPU.ActiveCfg = Debug|x64
		{CB4E23D7-2035-45F4-B1BD-1C9A205E830E}.Debug|Any CPU.Build.0 = Debug|x64
		{CB4E23D7-2035-45F4-B1BD-1C9A205E830E}.Debug|x64.ActiveCfg = Debug|x64
		{CB4E23D7-2035-45F4-B1BD-1C9A205E830E}.Debug|x64.Build.0 = Debug|x64
		{CB4E23D7-2035-45F4-B1BD-1C9A205E830E}.Release|Any CPU.ActiveCfg = Release|x64
		{CB4E23D7-2035-45F4-B1BD-1C9A205E830E}.Release|Any CPU.Build.0 = Release|x64
		{CB4E23D7-2035-45F4-B1BD-1C9A205E830E}.Release|x64.ActiveCfg = Release|x64
		{CB4E23D7-2035-45F4-B1BD-1C9A205E830E}.Release|x64.Build.0 = Release|x64
	EndGlobalSection
	GlobalSection(SolutionProperties) = preSolution
		HideSolutionNode = FALSE
	EndGlobalSection
	GlobalSection(ExtensibilityGlobals) = postSolution
		SolutionGuid = {863336CD-06BA-4BF7-8CBA-0241565FCC2C}
	EndGlobalSection
EndGlobal
